<?xml version="1.0" encoding="utf-8"?>
<Project ToolsVersion="15.0" xmlns="http://schemas.microsoft.com/developer/msbuild/2003">
  <ItemGroup>
    <ClCompile Include="C:\Git\benchmark\src\benchmark.cc">
      <Filter>Source Files</Filter>
    </ClCompile>
    <ClCompile Include="C:\Git\benchmark\src\benchmark_api_internal.cc">
      <Filter>Source Files</Filter>
    </ClCompile>
    <ClCompile Include="C:\Git\benchmark\src\benchmark_register.cc">
      <Filter>Source Files</Filter>
    </ClCompile>
    <ClCompile Include="C:\Git\benchmark\src\benchmark_runner.cc">
      <Filter>Source Files</Filter>
    </ClCompile>
    <ClCompile Include="C:\Git\benchmark\src\colorprint.cc">
      <Filter>Source Files</Filter>
    </ClCompile>
    <ClCompile Include="C:\Git\benchmark\src\commandlineflags.cc">
      <Filter>Source Files</Filter>
    </ClCompile>
    <ClCompile Include="C:\Git\benchmark\src\complexity.cc">
      <Filter>Source Files</Filter>
    </ClCompile>
    <ClCompile Include="C:\Git\benchmark\src\console_reporter.cc">
      <Filter>Source Files</Filter>
    </ClCompile>
    <ClCompile Include="C:\Git\benchmark\src\counter.cc">
      <Filter>Source Files</Filter>
    </ClCompile>
    <ClCompile Include="C:\Git\benchmark\src\csv_reporter.cc">
      <Filter>Source Files</Filter>
    </ClCompile>
    <ClCompile Include="C:\Git\benchmark\src\json_reporter.cc">
      <Filter>Source Files</Filter>
    </ClCompile>
    <ClCompile Include="C:\Git\benchmark\src\reporter.cc">
      <Filter>Source Files</Filter>
    </ClCompile>
    <ClCompile Include="C:\Git\benchmark\src\sleep.cc">
      <Filter>Source Files</Filter>
    </ClCompile>
    <ClCompile Include="C:\Git\benchmark\src\statistics.cc">
      <Filter>Source Files</Filter>
    </ClCompile>
    <ClCompile Include="C:\Git\benchmark\src\string_util.cc">
      <Filter>Source Files</Filter>
    </ClCompile>
    <ClCompile Include="C:\Git\benchmark\src\sysinfo.cc">
      <Filter>Source Files</Filter>
    </ClCompile>
    <ClCompile Include="C:\Git\benchmark\src\timers.cc">
      <Filter>Source Files</Filter>
    </ClCompile>
  </ItemGroup>
  <ItemGroup>
    <ClInclude Include="C:\Git\benchmark\include\benchmark\benchmark.h">
      <Filter>Header Files</Filter>
    </ClInclude>
    <ClInclude Include="C:\Git\benchmark\src\arraysize.h">
      <Filter>Header Files</Filter>
    </ClInclude>
    <ClInclude Include="C:\Git\benchmark\src\benchmark_api_internal.h">
      <Filter>Header Files</Filter>
    </ClInclude>
    <ClInclude Include="C:\Git\benchmark\src\benchmark_register.h">
      <Filter>Header Files</Filter>
    </ClInclude>
    <ClInclude Include="C:\Git\benchmark\src\benchmark_runner.h">
      <Filter>Header Files</Filter>
    </ClInclude>
    <ClInclude Include="C:\Git\benchmark\src\check.h">
      <Filter>Header Files</Filter>
    </ClInclude>
    <ClInclude Include="C:\Git\benchmark\src\colorprint.h">
      <Filter>Header Files</Filter>
    </ClInclude>
    <ClInclude Include="C:\Git\benchmark\src\commandlineflags.h">
      <Filter>Header Files</Filter>
    </ClInclude>
    <ClInclude Include="C:\Git\benchmark\src\complexity.h">
      <Filter>Header Files</Filter>
    </ClInclude>
    <ClInclude Include="C:\Git\benchmark\src\counter.h">
      <Filter>Header Files</Filter>
    </ClInclude>
    <ClInclude Include="C:\Git\benchmark\src\cycleclock.h">
      <Filter>Header Files</Filter>
    </ClInclude>
    <ClInclude Include="C:\Git\benchmark\src\internal_macros.h">
      <Filter>Header Files</Filter>
    </ClInclude>
    <ClInclude Include="C:\Git\benchmark\src\log.h">
      <Filter>Header Files</Filter>
    </ClInclude>
    <ClInclude Include="C:\Git\benchmark\src\mutex.h">
      <Filter>Header Files</Filter>
    </ClInclude>
    <ClInclude Include="C:\Git\benchmark\src\re.h">
      <Filter>Header Files</Filter>
    </ClInclude>
    <ClInclude Include="C:\Git\benchmark\src\sleep.h">
      <Filter>Header Files</Filter>
    </ClInclude>
    <ClInclude Include="C:\Git\benchmark\src\statistics.h">
      <Filter>Header Files</Filter>
    </ClInclude>
    <ClInclude Include="C:\Git\benchmark\src\string_util.h">
      <Filter>Header Files</Filter>
    </ClInclude>
    <ClInclude Include="C:\Git\benchmark\src\thread_manager.h">
      <Filter>Header Files</Filter>
    </ClInclude>
    <ClInclude Include="C:\Git\benchmark\src\thread_timer.h">
      <Filter>Header Files</Filter>
    </ClInclude>
    <ClInclude Include="C:\Git\benchmark\src\timers.h">
      <Filter>Header Files</Filter>
    </ClInclude>
  </ItemGroup>
  <ItemGroup>
    <Filter Include="Header Files">
      <UniqueIdentifier>{A7C88F13-3021-3D03-8816-9D5ABABD85AC}</UniqueIdentifier>
    </Filter>
    <Filter Include="Source Files">
      <UniqueIdentifier>{6667DD57-8E35-3D56-AD89-048EC79E7A36}</UniqueIdentifier>
    </Filter>
  </ItemGroup>
</Project>